
Microsoft Visual Studio Solution File, Format Version 12.00
# Visual Studio Version 17
VisualStudioVersion = 17.14.36221.1
MinimumVisualStudioVersion = 10.0.40219.1
Project("{FAE04EC0-301F-11D3-BF4B-00C04F79EFBC}") = "thomasmack.dev", "thomasmack.dev.csproj", "{A9656E13-AB0A-48E4-B0F0-7A58AC7FE3EB}"
EndProject
Global
	GlobalSection(SolutionConfigurationPlatforms) = preSolution
		Debug|Any CPU = Debug|Any CPU
		Release|Any CPU = Release|Any CPU
	EndGlobalSection
	GlobalSection(ProjectConfigurationPlatforms) = postSolution
		{A9656E13-AB0A-48E4-B0F0-7A58AC7FE3EB}.Debug|Any CPU.ActiveCfg = Debug|Any CPU
		{A9656E13-AB0A-48E4-B0F0-7A58AC7FE3EB}.Debug|Any CPU.Build.0 = Debug|Any CPU
		{A9656E13-AB0A-48E4-B0F0-7A58AC7FE3EB}.Release|Any CPU.ActiveCfg = Release|Any CPU
		{A9656E13-AB0A-48E4-B0F0-7A58AC7FE3EB}.Release|Any CPU.Build.0 = Release|Any CPU
	EndGlobalSection
	GlobalSection(SolutionProperties) = preSolution
		HideSolutionNode = FALSE
	EndGlobalSection
	GlobalSection(ExtensibilityGlobals) = postSolution
		SolutionGuid = {4BCB9F49-DE36-4CE8-9E94-10F000EAC6B7}
	EndGlobalSection
EndGlobal
